
Microsoft Visual Studio Solution File, Format Version 12.00
# Visual Studio Version 17
VisualStudioVersion = 17.4.33213.308
MinimumVisualStudioVersion = 10.0.40219.1
Project("{9A19103F-16F7-4668-BE54-9A1E7A4F7556}") = "ProblemGenerator", "ProblemGenerator\ProblemGenerator.csproj", "{A26952B2-2324-4773-8DD6-80D2FE814CAE}"
EndProject
Global
	GlobalSection(SolutionConfigurationPlatforms) = preSolution
		Debug|Any CPU = Debug|Any CPU
		Release|Any CPU = Release|Any CPU
	EndGlobalSection
	GlobalSection(ProjectConfigurationPlatforms) = postSolution
		{A26952B2-2324-4773-8DD6-80D2FE814CAE}.Debug|Any CPU.ActiveCfg = Debug|Any CPU
		{A26952B2-2324-4773-8DD6-80D2FE814CAE}.Debug|Any CPU.Build.0 = Debug|Any CPU
		{A26952B2-2324-4773-8DD6-80D2FE814CAE}.Release|Any CPU.ActiveCfg = Release|Any CPU
		{A26952B2-2324-4773-8DD6-80D2FE814CAE}.Release|Any CPU.Build.0 = Release|Any CPU
	EndGlobalSection
	GlobalSection(SolutionProperties) = preSolution
		HideSolutionNode = FALSE
	EndGlobalSection
	GlobalSection(ExtensibilityGlobals) = postSolution
		SolutionGuid = {EE94F27E-6852-4C5A-AF44-FE4BB2215F4A}
	EndGlobalSection
EndGlobal
